
Microsoft Visual Studio Solution File, Format Version 12.00
# Visual Studio 14
VisualStudioVersion = 14.0.25420.1
MinimumVisualStudioVersion = 10.0.40219.1
Project("{F184B08F-C81C-45F6-A57F-5ABD9991F28F}") = "KDVNCompressAttachments", "KDVNCompressAttachments\KDVNCompressAttachments.vbproj", "{921121F4-E74A-496B-9246-98FD42EE449B}"
	ProjectSection(ProjectDependencies) = postProject
		{DC9B9076-84BF-4C93-B0BF-FF1FC279D420} = {DC9B9076-84BF-4C93-B0BF-FF1FC279D420}
	EndProjectSection
EndProject
Project("{54435603-DBB4-11D2-8724-00A0C9A8B90C}") = "SetupKDVNCompressAttachmentx64", "SetupKDVNCompressAttachment\SetupKDVNCompressAttachment.vdproj", "{5AF19572-37C2-408F-BDA6-58C4AE1F4C46}"
	ProjectSection(ProjectDependencies) = postProject
		{EDE62F7F-C575-4BF3-B023-03DA7A86715B} = {EDE62F7F-C575-4BF3-B023-03DA7A86715B}
	EndProjectSection
EndProject
Project("{F184B08F-C81C-45F6-A57F-5ABD9991F28F}") = "myMsgBox", "myMsgBox\myMsgBox.vbproj", "{DC9B9076-84BF-4C93-B0BF-FF1FC279D420}"
EndProject
Project("{F184B08F-C81C-45F6-A57F-5ABD9991F28F}") = "ServiceInstaller", "ServiceInstaller\ServiceInstaller.vbproj", "{EDE62F7F-C575-4BF3-B023-03DA7A86715B}"
EndProject
Global
	GlobalSection(SolutionConfigurationPlatforms) = preSolution
		Debug|Any CPU = Debug|Any CPU
		Debug|x86 = Debug|x86
		Release|Any CPU = Release|Any CPU
		Release|x86 = Release|x86
	EndGlobalSection
	GlobalSection(ProjectConfigurationPlatforms) = postSolution
		{921121F4-E74A-496B-9246-98FD42EE449B}.Debug|Any CPU.ActiveCfg = Debug|Any CPU
		{921121F4-E74A-496B-9246-98FD42EE449B}.Debug|Any CPU.Build.0 = Debug|Any CPU
		{921121F4-E74A-496B-9246-98FD42EE449B}.Debug|x86.ActiveCfg = Release|Any CPU
		{921121F4-E74A-496B-9246-98FD42EE449B}.Debug|x86.Build.0 = Release|Any CPU
		{921121F4-E74A-496B-9246-98FD42EE449B}.Release|Any CPU.ActiveCfg = Release|Any CPU
		{921121F4-E74A-496B-9246-98FD42EE449B}.Release|Any CPU.Build.0 = Release|Any CPU
		{921121F4-E74A-496B-9246-98FD42EE449B}.Release|Any CPU.Deploy.0 = Release|Any CPU
		{921121F4-E74A-496B-9246-98FD42EE449B}.Release|x86.ActiveCfg = Release|x86
		{921121F4-E74A-496B-9246-98FD42EE449B}.Release|x86.Build.0 = Release|x86
		{5AF19572-37C2-408F-BDA6-58C4AE1F4C46}.Debug|Any CPU.ActiveCfg = Debug
		{5AF19572-37C2-408F-BDA6-58C4AE1F4C46}.Debug|Any CPU.Build.0 = Debug
		{5AF19572-37C2-408F-BDA6-58C4AE1F4C46}.Debug|Any CPU.Deploy.0 = Debug
		{5AF19572-37C2-408F-BDA6-58C4AE1F4C46}.Debug|x86.ActiveCfg = Release
		{5AF19572-37C2-408F-BDA6-58C4AE1F4C46}.Debug|x86.Build.0 = Release
		{5AF19572-37C2-408F-BDA6-58C4AE1F4C46}.Release|Any CPU.ActiveCfg = Release
		{5AF19572-37C2-408F-BDA6-58C4AE1F4C46}.Release|Any CPU.Build.0 = Release
		{5AF19572-37C2-408F-BDA6-58C4AE1F4C46}.Release|x86.ActiveCfg = Release
		{5AF19572-37C2-408F-BDA6-58C4AE1F4C46}.Release|x86.Build.0 = Release
		{DC9B9076-84BF-4C93-B0BF-FF1FC279D420}.Debug|Any CPU.ActiveCfg = Debug|Any CPU
		{DC9B9076-84BF-4C93-B0BF-FF1FC279D420}.Debug|Any CPU.Build.0 = Debug|Any CPU
		{DC9B9076-84BF-4C93-B0BF-FF1FC279D420}.Debug|x86.ActiveCfg = Debug|Any CPU
		{DC9B9076-84BF-4C93-B0BF-FF1FC279D420}.Debug|x86.Build.0 = Debug|Any CPU
		{DC9B9076-84BF-4C93-B0BF-FF1FC279D420}.Release|Any CPU.ActiveCfg = Release|Any CPU
		{DC9B9076-84BF-4C93-B0BF-FF1FC279D420}.Release|Any CPU.Build.0 = Release|Any CPU
		{DC9B9076-84BF-4C93-B0BF-FF1FC279D420}.Release|x86.ActiveCfg = Release|Any CPU
		{DC9B9076-84BF-4C93-B0BF-FF1FC279D420}.Release|x86.Build.0 = Release|Any CPU
		{EDE62F7F-C575-4BF3-B023-03DA7A86715B}.Debug|Any CPU.ActiveCfg = Debug|Any CPU
		{EDE62F7F-C575-4BF3-B023-03DA7A86715B}.Debug|Any CPU.Build.0 = Debug|Any CPU
		{EDE62F7F-C575-4BF3-B023-03DA7A86715B}.Debug|x86.ActiveCfg = Debug|Any CPU
		{EDE62F7F-C575-4BF3-B023-03DA7A86715B}.Debug|x86.Build.0 = Debug|Any CPU
		{EDE62F7F-C575-4BF3-B023-03DA7A86715B}.Release|Any CPU.ActiveCfg = Release|Any CPU
		{EDE62F7F-C575-4BF3-B023-03DA7A86715B}.Release|Any CPU.Build.0 = Release|Any CPU
		{EDE62F7F-C575-4BF3-B023-03DA7A86715B}.Release|x86.ActiveCfg = Release|Any CPU
		{EDE62F7F-C575-4BF3-B023-03DA7A86715B}.Release|x86.Build.0 = Release|Any CPU
	EndGlobalSection
	GlobalSection(SolutionProperties) = preSolution
		HideSolutionNode = FALSE
	EndGlobalSection
EndGlobal
